
Microsoft Visual Studio Solution File, Format Version 12.00
# Visual Studio Version 17
VisualStudioVersion = 17.13.35806.99
MinimumVisualStudioVersion = 10.0.40219.1
Project("{FAE04EC0-301F-11D3-BF4B-00C04F79EFBC}") = "IntuitiveTimetable", "IntuitiveTimetable.csproj", "{A0EE5B1A-7929-43AD-A6E9-E3AA5896E225}"
EndProject
Global
	GlobalSection(SolutionConfigurationPlatforms) = preSolution
		Debug|Any CPU = Debug|Any CPU
		Release|Any CPU = Release|Any CPU
	EndGlobalSection
	GlobalSection(ProjectConfigurationPlatforms) = postSolution
		{A0EE5B1A-7929-43AD-A6E9-E3AA5896E225}.Debug|Any CPU.ActiveCfg = Debug|Any CPU
		{A0EE5B1A-7929-43AD-A6E9-E3AA5896E225}.Debug|Any CPU.Build.0 = Debug|Any CPU
		{A0EE5B1A-7929-43AD-A6E9-E3AA5896E225}.Release|Any CPU.ActiveCfg = Release|Any CPU
		{A0EE5B1A-7929-43AD-A6E9-E3AA5896E225}.Release|Any CPU.Build.0 = Release|Any CPU
	EndGlobalSection
	GlobalSection(SolutionProperties) = preSolution
		HideSolutionNode = FALSE
	EndGlobalSection
	GlobalSection(ExtensibilityGlobals) = postSolution
		SolutionGuid = {6430A3C3-4967-42AB-8E2D-1CA8891E8FCE}
	EndGlobalSection
EndGlobal
